# This file is autogenerated, do not edit; changes may be undone by the next 'dep ensure'.


[[projects]]
  name = "github.com/davecgh/go-spew"
  packages = ["spew"]
  revision = "346938d642f2ec3594ed81d874461961cd0faa76"
  version = "v1.1.0"

[[projects]]
  branch = "master"
  name = "github.com/hashicorp/golang-lru"
  packages = [
    ".",
    "simplelru"
  ]
  revision = "0fb14efe8c47ae851c0034ed7a448854d3d34cf3"

[[projects]]
  name = "github.com/json-iterator/go"
  packages = ["."]
  revision = "0ac74bba4a81211b28e32ef260c0f16ae41f1377"
  version = "1.1.1"

[[projects]]
  branch = "master"
  name = "github.com/oleksandr/conditions"
  packages = ["."]
  revision = "8ed8af13bdec0d8ff0c0789842555e2c02181400"

[[projects]]
  name = "github.com/pmezard/go-difflib"
  packages = ["difflib"]
  revision = "792786c7400a136282c1664665ae0a8db921c6c2"
  version = "v1.0.0"

[[projects]]
  name = "github.com/satori/go.uuid"
  packages = ["."]
  revision = "f58768cc1a7a7e77a3bd49e98cdd21419399b6a3"
  version = "v1.2.0"

[[projects]]
  name = "github.com/stretchr/testify"
  packages = ["assert"]
  revision = "12b6f73e6084dad08a7c6e575284b177ecafbc71"
  version = "v1.2.1"

[[projects]]
  name = "github.com/v2pro/plz"
  packages = [
    "concurrent",
    "reflect2"
  ]
  revision = "10fc95fad3224a032229e59f6e7023137d82b526"
  version = "0.9.1"

[solve-meta]
  analyzer-name = "dep"
  analyzer-version = 1
  inputs-digest = "a8d0fca34317ce5b34d734f54596d1856125c38cc4b5ed9fa7bb9abe8588c63e"
  solver-name = "gps-cdcl"
  solver-version = 1
